
Microsoft Visual Studio Solution File, Format Version 12.00
# Visual Studio 15
VisualStudioVersion = 15.0.28010.2050
MinimumVisualStudioVersion = 10.0.40219.1
Project("{FAE04EC0-301F-11D3-BF4B-00C04F79EFBC}") = "MaroBomb.Android", "MaroBomb\MaroBomb.Android\MaroBomb.Android.csproj", "{1CD7904B-E67A-4ACF-B04D-5159DD6EDDAB}"
EndProject
Project("{FAE04EC0-301F-11D3-BF4B-00C04F79EFBC}") = "MaroBomb.iOS", "MaroBomb\MaroBomb.iOS\MaroBomb.iOS.csproj", "{6B2DE736-628A-4F67-8EF2-DA83338AE660}"
EndProject
Project("{FAE04EC0-301F-11D3-BF4B-00C04F79EFBC}") = "MaroBomb.UWP", "MaroBomb\MaroBomb.UWP\MaroBomb.UWP.csproj", "{35E09BA1-C60D-479D-B950-B0DFE4647E63}"
EndProject
Project("{FAE04EC0-301F-11D3-BF4B-00C04F79EFBC}") = "MaroBomb", "MaroBomb\MaroBomb\MaroBomb.csproj", "{DE77AC91-883B-4538-82F1-2FC3DF728C9A}"
EndProject
Global
	GlobalSection(SolutionConfigurationPlatforms) = preSolution
		Ad-Hoc|Any CPU = Ad-Hoc|Any CPU
		Ad-Hoc|ARM = Ad-Hoc|ARM
		Ad-Hoc|iPhone = Ad-Hoc|iPhone
		Ad-Hoc|iPhoneSimulator = Ad-Hoc|iPhoneSimulator
		Ad-Hoc|x64 = Ad-Hoc|x64
		Ad-Hoc|x86 = Ad-Hoc|x86
		AppStore|Any CPU = AppStore|Any CPU
		AppStore|ARM = AppStore|ARM
		AppStore|iPhone = AppStore|iPhone
		AppStore|iPhoneSimulator = AppStore|iPhoneSimulator
		AppStore|x64 = AppStore|x64
		AppStore|x86 = AppStore|x86
		Debug|Any CPU = Debug|Any CPU
		Debug|ARM = Debug|ARM
		Debug|iPhone = Debug|iPhone
		Debug|iPhoneSimulator = Debug|iPhoneSimulator
		Debug|x64 = Debug|x64
		Debug|x86 = Debug|x86
		Release|Any CPU = Release|Any CPU
		Release|ARM = Release|ARM
		Release|iPhone = Release|iPhone
		Release|iPhoneSimulator = Release|iPhoneSimulator
		Release|x64 = Release|x64
		Release|x86 = Release|x86
	EndGlobalSection
	GlobalSection(ProjectConfigurationPlatforms) = postSolution
		{1CD7904B-E67A-4ACF-B04D-5159DD6EDDAB}.Ad-Hoc|Any CPU.ActiveCfg = Release|Any CPU
		{1CD7904B-E67A-4ACF-B04D-5159DD6EDDAB}.Ad-Hoc|Any CPU.Build.0 = Release|Any CPU
		{1CD7904B-E67A-4ACF-B04D-5159DD6EDDAB}.Ad-Hoc|Any CPU.Deploy.0 = Release|Any CPU
		{1CD7904B-E67A-4ACF-B04D-5159DD6EDDAB}.Ad-Hoc|ARM.ActiveCfg = Release|Any CPU
		{1CD7904B-E67A-4ACF-B04D-5159DD6EDDAB}.Ad-Hoc|ARM.Build.0 = Release|Any CPU
		{1CD7904B-E67A-4ACF-B04D-5159DD6EDDAB}.Ad-Hoc|ARM.Deploy.0 = Release|Any CPU
		{1CD7904B-E67A-4ACF-B04D-5159DD6EDDAB}.Ad-Hoc|iPhone.ActiveCfg = Release|Any CPU
		{1CD7904B-E67A-4ACF-B04D-5159DD6EDDAB}.Ad-Hoc|iPhone.Build.0 = Release|Any CPU
		{1CD7904B-E67A-4ACF-B04D-5159DD6EDDAB}.Ad-Hoc|iPhone.Deploy.0 = Release|Any CPU
		{1CD7904B-E67A-4ACF-B04D-5159DD6EDDAB}.Ad-Hoc|iPhoneSimulator.ActiveCfg = Release|Any CPU
		{1CD7904B-E67A-4ACF-B04D-5159DD6EDDAB}.Ad-Hoc|iPhoneSimulator.Build.0 = Release|Any CPU
		{1CD7904B-E67A-4ACF-B04D-5159DD6EDDAB}.Ad-Hoc|iPhoneSimulator.Deploy.0 = Release|Any CPU
		{1CD7904B-E67A-4ACF-B04D-5159DD6EDDAB}.Ad-Hoc|x64.ActiveCfg = Release|Any CPU
		{1CD7904B-E67A-4ACF-B04D-5159DD6EDDAB}.Ad-Hoc|x64.Build.0 = Release|Any CPU
		{1CD7904B-E67A-4ACF-B04D-5159DD6EDDAB}.Ad-Hoc|x64.Deploy.0 = Release|Any CPU
		{1CD7904B-E67A-4ACF-B04D-5159DD6EDDAB}.Ad-Hoc|x86.ActiveCfg = Release|Any CPU
		{1CD7904B-E67A-4ACF-B04D-5159DD6EDDAB}.Ad-Hoc|x86.Build.0 = Release|Any CPU
		{1CD7904B-E67A-4ACF-B04D-5159DD6EDDAB}.Ad-Hoc|x86.Deploy.0 = Release|Any CPU
		{1CD7904B-E67A-4ACF-B04D-5159DD6EDDAB}.AppStore|Any CPU.ActiveCfg = Release|Any CPU
		{1CD7904B-E67A-4ACF-B04D-5159DD6EDDAB}.AppStore|Any CPU.Build.0 = Release|Any CPU
		{1CD7904B-E67A-4ACF-B04D-5159DD6EDDAB}.AppStore|Any CPU.Deploy.0 = Release|Any CPU
		{1CD7904B-E67A-4ACF-B04D-5159DD6EDDAB}.AppStore|ARM.ActiveCfg = Release|Any CPU
		{1CD7904B-E67A-4ACF-B04D-5159DD6EDDAB}.AppStore|ARM.Build.0 = Release|Any CPU
		{1CD7904B-E67A-4ACF-B04D-5159DD6EDDAB}.AppStore|ARM.Deploy.0 = Release|Any CPU
		{1CD7904B-E67A-4ACF-B04D-5159DD6EDDAB}.AppStore|iPhone.ActiveCfg = Release|Any CPU
		{1CD7904B-E67A-4ACF-B04D-5159DD6EDDAB}.AppStore|iPhone.Build.0 = Release|Any CPU
		{1CD7904B-E67A-4ACF-B04D-5159DD6EDDAB}.AppStore|iPhone.Deploy.0 = Release|Any CPU
		{1CD7904B-E67A-4ACF-B04D-5159DD6EDDAB}.AppStore|iPhoneSimulator.ActiveCfg = Release|Any CPU
		{1CD7904B-E67A-4ACF-B04D-5159DD6EDDAB}.AppStore|iPhoneSimulator.Build.0 = Release|Any CPU
		{1CD7904B-E67A-4ACF-B04D-5159DD6EDDAB}.AppStore|iPhoneSimulator.Deploy.0 = Release|Any CPU
		{1CD7904B-E67A-4ACF-B04D-5159DD6EDDAB}.AppStore|x64.ActiveCfg = Release|Any CPU
		{1CD7904B-E67A-4ACF-B04D-5159DD6EDDAB}.AppStore|x64.Build.0 = Release|Any CPU
		{1CD7904B-E67A-4ACF-B04D-5159DD6EDDAB}.AppStore|x64.Deploy.0 = Release|Any CPU
		{1CD7904B-E67A-4ACF-B04D-5159DD6EDDAB}.AppStore|x86.ActiveCfg = Release|Any CPU
		{1CD7904B-E67A-4ACF-B04D-5159DD6EDDAB}.AppStore|x86.Build.0 = Release|Any CPU
		{1CD7904B-E67A-4ACF-B04D-5159DD6EDDAB}.AppStore|x86.Deploy.0 = Release|Any CPU
		{1CD7904B-E67A-4ACF-B04D-5159DD6EDDAB}.Debug|Any CPU.ActiveCfg = Debug|Any CPU
		{1CD7904B-E67A-4ACF-B04D-5159DD6EDDAB}.Debug|Any CPU.Build.0 = Debug|Any CPU
		{1CD7904B-E67A-4ACF-B04D-5159DD6EDDAB}.Debug|Any CPU.Deploy.0 = Debug|Any CPU
		{1CD7904B-E67A-4ACF-B04D-5159DD6EDDAB}.Debug|ARM.ActiveCfg = Debug|Any CPU
		{1CD7904B-E67A-4ACF-B04D-5159DD6EDDAB}.Debug|ARM.Build.0 = Debug|Any CPU
		{1CD7904B-E67A-4ACF-B04D-5159DD6EDDAB}.Debug|ARM.Deploy.0 = Debug|Any CPU
		{1CD7904B-E67A-4ACF-B04D-5159DD6EDDAB}.Debug|iPhone.ActiveCfg = Debug|Any CPU
		{1CD7904B-E67A-4ACF-B04D-5159DD6EDDAB}.Debug|iPhone.Build.0 = Debug|Any CPU
		{1CD7904B-E67A-4ACF-B04D-5159DD6EDDAB}.Debug|iPhone.Deploy.0 = Debug|Any CPU
		{1CD7904B-E67A-4ACF-B04D-5159DD6EDDAB}.Debug|iPhoneSimulator.ActiveCfg = Debug|Any CPU
		{1CD7904B-E67A-4ACF-B04D-5159DD6EDDAB}.Debug|iPhoneSimulator.Build.0 = Debug|Any CPU
		{1CD7904B-E67A-4ACF-B04D-5159DD6EDDAB}.Debug|iPhoneSimulator.Deploy.0 = Debug|Any CPU
		{1CD7904B-E67A-4ACF-B04D-5159DD6EDDAB}.Debug|x64.ActiveCfg = Debug|Any CPU
		{1CD7904B-E67A-4ACF-B04D-5159DD6EDDAB}.Debug|x64.Build.0 = Debug|Any CPU
		{1CD7904B-E67A-4ACF-B04D-5159DD6EDDAB}.Debug|x64.Deploy.0 = Debug|Any CPU
		{1CD7904B-E67A-4ACF-B04D-5159DD6EDDAB}.Debug|x86.ActiveCfg = Debug|Any CPU
		{1CD7904B-E67A-4ACF-B04D-5159DD6EDDAB}.Debug|x86.Build.0 = Debug|Any CPU
		{1CD7904B-E67A-4ACF-B04D-5159DD6EDDAB}.Debug|x86.Deploy.0 = Debug|Any CPU
		{1CD7904B-E67A-4ACF-B04D-5159DD6EDDAB}.Release|Any CPU.ActiveCfg = Release|Any CPU
		{1CD7904B-E67A-4ACF-B04D-5159DD6EDDAB}.Release|Any CPU.Build.0 = Release|Any CPU
		{1CD7904B-E67A-4ACF-B04D-5159DD6EDDAB}.Release|Any CPU.Deploy.0 = Release|Any CPU
		{1CD7904B-E67A-4ACF-B04D-5159DD6EDDAB}.Release|ARM.ActiveCfg = Release|Any CPU
		{1CD7904B-E67A-4ACF-B04D-5159DD6EDDAB}.Release|ARM.Build.0 = Release|Any CPU
		{1CD7904B-E67A-4ACF-B04D-5159DD6EDDAB}.Release|ARM.Deploy.0 = Release|Any CPU
		{1CD7904B-E67A-4ACF-B04D-5159DD6EDDAB}.Release|iPhone.ActiveCfg = Release|Any CPU
		{1CD7904B-E67A-4ACF-B04D-5159DD6EDDAB}.Release|iPhone.Build.0 = Release|Any CPU
		{1CD7904B-E67A-4ACF-B04D-5159DD6EDDAB}.Release|iPhone.Deploy.0 = Release|Any CPU
		{1CD7904B-E67A-4ACF-B04D-5159DD6EDDAB}.Release|iPhoneSimulator.ActiveCfg = Release|Any CPU
		{1CD7904B-E67A-4ACF-B04D-5159DD6EDDAB}.Release|iPhoneSimulator.Build.0 = Release|Any CPU
		{1CD7904B-E67A-4ACF-B04D-5159DD6EDDAB}.Release|iPhoneSimulator.Deploy.0 = Release|Any CPU
		{1CD7904B-E67A-4ACF-B04D-5159DD6EDDAB}.Release|x64.ActiveCfg = Release|Any CPU
		{1CD7904B-E67A-4ACF-B04D-5159DD6EDDAB}.Release|x64.Build.0 = Release|Any CPU
		{1CD7904B-E67A-4ACF-B04D-5159DD6EDDAB}.Release|x64.Deploy.0 = Release|Any CPU
		{1CD7904B-E67A-4ACF-B04D-5159DD6EDDAB}.Release|x86.ActiveCfg = Release|Any CPU
		{1CD7904B-E67A-4ACF-B04D-5159DD6EDDAB}.Release|x86.Build.0 = Release|Any CPU
		{1CD7904B-E67A-4ACF-B04D-5159DD6EDDAB}.Release|x86.Deploy.0 = Release|Any CPU
		{6B2DE736-628A-4F67-8EF2-DA83338AE660}.Ad-Hoc|Any CPU.ActiveCfg = Ad-Hoc|iPhone
		{6B2DE736-628A-4F67-8EF2-DA83338AE660}.Ad-Hoc|Any CPU.Build.0 = Ad-Hoc|iPhone
		{6B2DE736-628A-4F67-8EF2-DA83338AE660}.Ad-Hoc|Any CPU.Deploy.0 = Ad-Hoc|iPhone
		{6B2DE736-628A-4F67-8EF2-DA83338AE660}.Ad-Hoc|ARM.ActiveCfg = Ad-Hoc|iPhone
		{6B2DE736-628A-4F67-8EF2-DA83338AE660}.Ad-Hoc|ARM.Build.0 = Ad-Hoc|iPhone
		{6B2DE736-628A-4F67-8EF2-DA83338AE660}.Ad-Hoc|ARM.Deploy.0 = Ad-Hoc|iPhone
		{6B2DE736-628A-4F67-8EF2-DA83338AE660}.Ad-Hoc|iPhone.ActiveCfg = Ad-Hoc|iPhone
		{6B2DE736-628A-4F67-8EF2-DA83338AE660}.Ad-Hoc|iPhone.Build.0 = Ad-Hoc|iPhone
		{6B2DE736-628A-4F67-8EF2-DA83338AE660}.Ad-Hoc|iPhone.Deploy.0 = Ad-Hoc|iPhone
		{6B2DE736-628A-4F67-8EF2-DA83338AE660}.Ad-Hoc|iPhoneSimulator.ActiveCfg = Ad-Hoc|iPhoneSimulator
		{6B2DE736-628A-4F67-8EF2-DA83338AE660}.Ad-Hoc|iPhoneSimulator.Build.0 = Ad-Hoc|iPhoneSimulator
		{6B2DE736-628A-4F67-8EF2-DA83338AE660}.Ad-Hoc|iPhoneSimulator.Deploy.0 = Ad-Hoc|iPhoneSimulator
		{6B2DE736-628A-4F67-8EF2-DA83338AE660}.Ad-Hoc|x64.ActiveCfg = Ad-Hoc|iPhone
		{6B2DE736-628A-4F67-8EF2-DA83338AE660}.Ad-Hoc|x64.Build.0 = Ad-Hoc|iPhone
		{6B2DE736-628A-4F67-8EF2-DA83338AE660}.Ad-Hoc|x64.Deploy.0 = Ad-Hoc|iPhone
		{6B2DE736-628A-4F67-8EF2-DA83338AE660}.Ad-Hoc|x86.ActiveCfg = Ad-Hoc|iPhone
		{6B2DE736-628A-4F67-8EF2-DA83338AE660}.Ad-Hoc|x86.Build.0 = Ad-Hoc|iPhone
		{6B2DE736-628A-4F67-8EF2-DA83338AE660}.Ad-Hoc|x86.Deploy.0 = Ad-Hoc|iPhone
		{6B2DE736-628A-4F67-8EF2-DA83338AE660}.AppStore|Any CPU.ActiveCfg = AppStore|iPhone
		{6B2DE736-628A-4F67-8EF2-DA83338AE660}.AppStore|Any CPU.Build.0 = AppStore|iPhone
		{6B2DE736-628A-4F67-8EF2-DA83338AE660}.AppStore|Any CPU.Deploy.0 = AppStore|iPhone
		{6B2DE736-628A-4F67-8EF2-DA83338AE660}.AppStore|ARM.ActiveCfg = AppStore|iPhone
		{6B2DE736-628A-4F67-8EF2-DA83338AE660}.AppStore|ARM.Build.0 = AppStore|iPhone
		{6B2DE736-628A-4F67-8EF2-DA83338AE660}.AppStore|ARM.Deploy.0 = AppStore|iPhone
		{6B2DE736-628A-4F67-8EF2-DA83338AE660}.AppStore|iPhone.ActiveCfg = AppStore|iPhone
		{6B2DE736-628A-4F67-8EF2-DA83338AE660}.AppStore|iPhone.Build.0 = AppStore|iPhone
		{6B2DE736-628A-4F67-8EF2-DA83338AE660}.AppStore|iPhone.Deploy.0 = AppStore|iPhone
		{6B2DE736-628A-4F67-8EF2-DA83338AE660}.AppStore|iPhoneSimulator.ActiveCfg = AppStore|iPhoneSimulator
		{6B2DE736-628A-4F67-8EF2-DA83338AE660}.AppStore|iPhoneSimulator.Build.0 = AppStore|iPhoneSimulator
		{6B2DE736-628A-4F67-8EF2-DA83338AE660}.AppStore|iPhoneSimulator.Deploy.0 = AppStore|iPhoneSimulator
		{6B2DE736-628A-4F67-8EF2-DA83338AE660}.AppStore|x64.ActiveCfg = AppStore|iPhone
		{6B2DE736-628A-4F67-8EF2-DA83338AE660}.AppStore|x64.Build.0 = AppStore|iPhone
		{6B2DE736-628A-4F67-8EF2-DA83338AE660}.AppStore|x64.Deploy.0 = AppStore|iPhone
		{6B2DE736-628A-4F67-8EF2-DA83338AE660}.AppStore|x86.ActiveCfg = AppStore|iPhone
		{6B2DE736-628A-4F67-8EF2-DA83338AE660}.AppStore|x86.Build.0 = AppStore|iPhone
		{6B2DE736-628A-4F67-8EF2-DA83338AE660}.AppStore|x86.Deploy.0 = AppStore|iPhone
		{6B2DE736-628A-4F67-8EF2-DA83338AE660}.Debug|Any CPU.ActiveCfg = Debug|iPhoneSimulator
		{6B2DE736-628A-4F67-8EF2-DA83338AE660}.Debug|Any CPU.Build.0 = Debug|iPhoneSimulator
		{6B2DE736-628A-4F67-8EF2-DA83338AE660}.Debug|Any CPU.Deploy.0 = Debug|iPhoneSimulator
		{6B2DE736-628A-4F67-8EF2-DA83338AE660}.Debug|ARM.ActiveCfg = Debug|iPhone
		{6B2DE736-628A-4F67-8EF2-DA83338AE660}.Debug|ARM.Build.0 = Debug|iPhone
		{6B2DE736-628A-4F67-8EF2-DA83338AE660}.Debug|ARM.Deploy.0 = Debug|iPhone
		{6B2DE736-628A-4F67-8EF2-DA83338AE660}.Debug|iPhone.ActiveCfg = Debug|iPhone
		{6B2DE736-628A-4F67-8EF2-DA83338AE660}.Debug|iPhone.Build.0 = Debug|iPhone
		{6B2DE736-628A-4F67-8EF2-DA83338AE660}.Debug|iPhone.Deploy.0 = Debug|iPhone
		{6B2DE736-628A-4F67-8EF2-DA83338AE660}.Debug|iPhoneSimulator.ActiveCfg = Debug|iPhoneSimulator
		{6B2DE736-628A-4F67-8EF2-DA83338AE660}.Debug|iPhoneSimulator.Build.0 = Debug|iPhoneSimulator
		{6B2DE736-628A-4F67-8EF2-DA83338AE660}.Debug|iPhoneSimulator.Deploy.0 = Debug|iPhoneSimulator
		{6B2DE736-628A-4F67-8EF2-DA83338AE660}.Debug|x64.ActiveCfg = Debug|iPhone
		{6B2DE736-628A-4F67-8EF2-DA83338AE660}.Debug|x64.Build.0 = Debug|iPhone
		{6B2DE736-628A-4F67-8EF2-DA83338AE660}.Debug|x64.Deploy.0 = Debug|iPhone
		{6B2DE736-628A-4F67-8EF2-DA83338AE660}.Debug|x86.ActiveCfg = Debug|iPhone
		{6B2DE736-628A-4F67-8EF2-DA83338AE660}.Debug|x86.Build.0 = Debug|iPhone
		{6B2DE736-628A-4F67-8EF2-DA83338AE660}.Debug|x86.Deploy.0 = Debug|iPhone
		{6B2DE736-628A-4F67-8EF2-DA83338AE660}.Release|Any CPU.ActiveCfg = Release|iPhone
		{6B2DE736-628A-4F67-8EF2-DA83338AE660}.Release|Any CPU.Build.0 = Release|iPhone
		{6B2DE736-628A-4F67-8EF2-DA83338AE660}.Release|Any CPU.Deploy.0 = Release|iPhone
		{6B2DE736-628A-4F67-8EF2-DA83338AE660}.Release|ARM.ActiveCfg = Release|iPhone
		{6B2DE736-628A-4F67-8EF2-DA83338AE660}.Release|ARM.Build.0 = Release|iPhone
		{6B2DE736-628A-4F67-8EF2-DA83338AE660}.Release|ARM.Deploy.0 = Release|iPhone
		{6B2DE736-628A-4F67-8EF2-DA83338AE660}.Release|iPhone.ActiveCfg = Release|iPhone
		{6B2DE736-628A-4F67-8EF2-DA83338AE660}.Release|iPhone.Build.0 = Release|iPhone
		{6B2DE736-628A-4F67-8EF2-DA83338AE660}.Release|iPhone.Deploy.0 = Release|iPhone
		{6B2DE736-628A-4F67-8EF2-DA83338AE660}.Release|iPhoneSimulator.ActiveCfg = Release|iPhoneSimulator
		{6B2DE736-628A-4F67-8EF2-DA83338AE660}.Release|iPhoneSimulator.Build.0 = Release|iPhoneSimulator
		{6B2DE736-628A-4F67-8EF2-DA83338AE660}.Release|iPhoneSimulator.Deploy.0 = Release|iPhoneSimulator
		{6B2DE736-628A-4F67-8EF2-DA83338AE660}.Release|x64.ActiveCfg = Release|iPhone
		{6B2DE736-628A-4F67-8EF2-DA83338AE660}.Release|x64.Build.0 = Release|iPhone
		{6B2DE736-628A-4F67-8EF2-DA83338AE660}.Release|x64.Deploy.0 = Release|iPhone
		{6B2DE736-628A-4F67-8EF2-DA83338AE660}.Release|x86.ActiveCfg = Release|iPhone
		{6B2DE736-628A-4F67-8EF2-DA83338AE660}.Release|x86.Build.0 = Release|iPhone
		{6B2DE736-628A-4F67-8EF2-DA83338AE660}.Release|x86.Deploy.0 = Release|iPhone
		{35E09BA1-C60D-479D-B950-B0DFE4647E63}.Ad-Hoc|Any CPU.ActiveCfg = Release|x86
		{35E09BA1-C60D-479D-B950-B0DFE4647E63}.Ad-Hoc|Any CPU.Build.0 = Release|x86
		{35E09BA1-C60D-479D-B950-B0DFE4647E63}.Ad-Hoc|Any CPU.Deploy.0 = Release|x86
		{35E09BA1-C60D-479D-B950-B0DFE4647E63}.Ad-Hoc|ARM.ActiveCfg = Release|ARM
		{35E09BA1-C60D-479D-B950-B0DFE4647E63}.Ad-Hoc|ARM.Build.0 = Release|ARM
		{35E09BA1-C60D-479D-B950-B0DFE4647E63}.Ad-Hoc|ARM.Deploy.0 = Release|ARM
		{35E09BA1-C60D-479D-B950-B0DFE4647E63}.Ad-Hoc|iPhone.ActiveCfg = Release|x86
		{35E09BA1-C60D-479D-B950-B0DFE4647E63}.Ad-Hoc|iPhone.Build.0 = Release|x86
		{35E09BA1-C60D-479D-B950-B0DFE4647E63}.Ad-Hoc|iPhone.Deploy.0 = Release|x86
		{35E09BA1-C60D-479D-B950-B0DFE4647E63}.Ad-Hoc|iPhoneSimulator.ActiveCfg = Release|x86
		{35E09BA1-C60D-479D-B950-B0DFE4647E63}.Ad-Hoc|iPhoneSimulator.Build.0 = Release|x86
		{35E09BA1-C60D-479D-B950-B0DFE4647E63}.Ad-Hoc|iPhoneSimulator.Deploy.0 = Release|x86
		{35E09BA1-C60D-479D-B950-B0DFE4647E63}.Ad-Hoc|x64.ActiveCfg = Release|x64
		{35E09BA1-C60D-479D-B950-B0DFE4647E63}.Ad-Hoc|x64.Build.0 = Release|x64
		{35E09BA1-C60D-479D-B950-B0DFE4647E63}.Ad-Hoc|x64.Deploy.0 = Release|x64
		{35E09BA1-C60D-479D-B950-B0DFE4647E63}.Ad-Hoc|x86.ActiveCfg = Release|x86
		{35E09BA1-C60D-479D-B950-B0DFE4647E63}.Ad-Hoc|x86.Build.0 = Release|x86
		{35E09BA1-C60D-479D-B950-B0DFE4647E63}.Ad-Hoc|x86.Deploy.0 = Release|x86
		{35E09BA1-C60D-479D-B950-B0DFE4647E63}.AppStore|Any CPU.ActiveCfg = Release|x86
		{35E09BA1-C60D-479D-B950-B0DFE4647E63}.AppStore|Any CPU.Build.0 = Release|x86
		{35E09BA1-C60D-479D-B950-B0DFE4647E63}.AppStore|Any CPU.Deploy.0 = Release|x86
		{35E09BA1-C60D-479D-B950-B0DFE4647E63}.AppStore|ARM.ActiveCfg = Release|ARM
		{35E09BA1-C60D-479D-B950-B0DFE4647E63}.AppStore|ARM.Build.0 = Release|ARM
		{35E09BA1-C60D-479D-B950-B0DFE4647E63}.AppStore|ARM.Deploy.0 = Release|ARM
		{35E09BA1-C60D-479D-B950-B0DFE4647E63}.AppStore|iPhone.ActiveCfg = Release|x86
		{35E09BA1-C60D-479D-B950-B0DFE4647E63}.AppStore|iPhone.Build.0 = Release|x86
		{35E09BA1-C60D-479D-B950-B0DFE4647E63}.AppStore|iPhone.Deploy.0 = Release|x86
		{35E09BA1-C60D-479D-B950-B0DFE4647E63}.AppStore|iPhoneSimulator.ActiveCfg = Release|x86
		{35E09BA1-C60D-479D-B950-B0DFE4647E63}.AppStore|iPhoneSimulator.Build.0 = Release|x86
		{35E09BA1-C60D-479D-B950-B0DFE4647E63}.AppStore|iPhoneSimulator.Deploy.0 = Release|x86
		{35E09BA1-C60D-479D-B950-B0DFE4647E63}.AppStore|x64.ActiveCfg = Release|x64
		{35E09BA1-C60D-479D-B950-B0DFE4647E63}.AppStore|x64.Build.0 = Release|x64
		{35E09BA1-C60D-479D-B950-B0DFE4647E63}.AppStore|x64.Deploy.0 = Release|x64
		{35E09BA1-C60D-479D-B950-B0DFE4647E63}.AppStore|x86.ActiveCfg = Release|x86
		{35E09BA1-C60D-479D-B950-B0DFE4647E63}.AppStore|x86.Build.0 = Release|x86
		{35E09BA1-C60D-479D-B950-B0DFE4647E63}.AppStore|x86.Deploy.0 = Release|x86
		{35E09BA1-C60D-479D-B950-B0DFE4647E63}.Debug|Any CPU.ActiveCfg = Debug|x86
		{35E09BA1-C60D-479D-B950-B0DFE4647E63}.Debug|Any CPU.Build.0 = Debug|x86
		{35E09BA1-C60D-479D-B950-B0DFE4647E63}.Debug|Any CPU.Deploy.0 = Debug|x86
		{35E09BA1-C60D-479D-B950-B0DFE4647E63}.Debug|ARM.ActiveCfg = Debug|ARM
		{35E09BA1-C60D-479D-B950-B0DFE4647E63}.Debug|ARM.Build.0 = Debug|ARM
		{35E09BA1-C60D-479D-B950-B0DFE4647E63}.Debug|ARM.Deploy.0 = Debug|ARM
		{35E09BA1-C60D-479D-B950-B0DFE4647E63}.Debug|iPhone.ActiveCfg = Debug|x86
		{35E09BA1-C60D-479D-B950-B0DFE4647E63}.Debug|iPhone.Build.0 = Debug|x86
		{35E09BA1-C60D-479D-B950-B0DFE4647E63}.Debug|iPhone.Deploy.0 = Debug|x86
		{35E09BA1-C60D-479D-B950-B0DFE4647E63}.Debug|iPhoneSimulator.ActiveCfg = Debug|x86
		{35E09BA1-C60D-479D-B950-B0DFE4647E63}.Debug|iPhoneSimulator.Build.0 = Debug|x86
		{35E09BA1-C60D-479D-B950-B0DFE4647E63}.Debug|iPhoneSimulator.Deploy.0 = Debug|x86
		{35E09BA1-C60D-479D-B950-B0DFE4647E63}.Debug|x64.ActiveCfg = Debug|x64
		{35E09BA1-C60D-479D-B950-B0DFE4647E63}.Debug|x64.Build.0 = Debug|x64
		{35E09BA1-C60D-479D-B950-B0DFE4647E63}.Debug|x64.Deploy.0 = Debug|x64
		{35E09BA1-C60D-479D-B950-B0DFE4647E63}.Debug|x86.ActiveCfg = Debug|x86
		{35E09BA1-C60D-479D-B950-B0DFE4647E63}.Debug|x86.Build.0 = Debug|x86
		{35E09BA1-C60D-479D-B950-B0DFE4647E63}.Debug|x86.Deploy.0 = Debug|x86
		{35E09BA1-C60D-479D-B950-B0DFE4647E63}.Release|Any CPU.ActiveCfg = Release|x86
		{35E09BA1-C60D-479D-B950-B0DFE4647E63}.Release|Any CPU.Build.0 = Release|x86
		{35E09BA1-C60D-479D-B950-B0DFE4647E63}.Release|Any CPU.Deploy.0 = Release|x86
		{35E09BA1-C60D-479D-B950-B0DFE4647E63}.Release|ARM.ActiveCfg = Release|ARM
		{35E09BA1-C60D-479D-B950-B0DFE4647E63}.Release|ARM.Build.0 = Release|ARM
		{35E09BA1-C60D-479D-B950-B0DFE4647E63}.Release|ARM.Deploy.0 = Release|ARM
		{35E09BA1-C60D-479D-B950-B0DFE4647E63}.Release|iPhone.ActiveCfg = Release|x86
		{35E09BA1-C60D-479D-B950-B0DFE4647E63}.Release|iPhone.Build.0 = Release|x86
		{35E09BA1-C60D-479D-B950-B0DFE4647E63}.Release|iPhone.Deploy.0 = Release|x86
		{35E09BA1-C60D-479D-B950-B0DFE4647E63}.Release|iPhoneSimulator.ActiveCfg = Release|x86
		{35E09BA1-C60D-479D-B950-B0DFE4647E63}.Release|iPhoneSimulator.Build.0 = Release|x86
		{35E09BA1-C60D-479D-B950-B0DFE4647E63}.Release|iPhoneSimulator.Deploy.0 = Release|x86
		{35E09BA1-C60D-479D-B950-B0DFE4647E63}.Release|x64.ActiveCfg = Release|x64
		{35E09BA1-C60D-479D-B950-B0DFE4647E63}.Release|x64.Build.0 = Release|x64
		{35E09BA1-C60D-479D-B950-B0DFE4647E63}.Release|x64.Deploy.0 = Release|x64
		{35E09BA1-C60D-479D-B950-B0DFE4647E63}.Release|x86.ActiveCfg = Release|x86
		{35E09BA1-C60D-479D-B950-B0DFE4647E63}.Release|x86.Build.0 = Release|x86
		{35E09BA1-C60D-479D-B950-B0DFE4647E63}.Release|x86.Deploy.0 = Release|x86
		{DE77AC91-883B-4538-82F1-2FC3DF728C9A}.Ad-Hoc|Any CPU.ActiveCfg = Debug|Any CPU
		{DE77AC91-883B-4538-82F1-2FC3DF728C9A}.Ad-Hoc|Any CPU.Build.0 = Debug|Any CPU
		{DE77AC91-883B-4538-82F1-2FC3DF728C9A}.Ad-Hoc|Any CPU.Deploy.0 = Debug|Any CPU
		{DE77AC91-883B-4538-82F1-2FC3DF728C9A}.Ad-Hoc|ARM.ActiveCfg = Debug|Any CPU
		{DE77AC91-883B-4538-82F1-2FC3DF728C9A}.Ad-Hoc|ARM.Build.0 = Debug|Any CPU
		{DE77AC91-883B-4538-82F1-2FC3DF728C9A}.Ad-Hoc|ARM.Deploy.0 = Debug|Any CPU
		{DE77AC91-883B-4538-82F1-2FC3DF728C9A}.Ad-Hoc|iPhone.ActiveCfg = Debug|Any CPU
		{DE77AC91-883B-4538-82F1-2FC3DF728C9A}.Ad-Hoc|iPhone.Build.0 = Debug|Any CPU
		{DE77AC91-883B-4538-82F1-2FC3DF728C9A}.Ad-Hoc|iPhone.Deploy.0 = Debug|Any CPU
		{DE77AC91-883B-4538-82F1-2FC3DF728C9A}.Ad-Hoc|iPhoneSimulator.ActiveCfg = Debug|Any CPU
		{DE77AC91-883B-4538-82F1-2FC3DF728C9A}.Ad-Hoc|iPhoneSimulator.Build.0 = Debug|Any CPU
		{DE77AC91-883B-4538-82F1-2FC3DF728C9A}.Ad-Hoc|iPhoneSimulator.Deploy.0 = Debug|Any CPU
		{DE77AC91-883B-4538-82F1-2FC3DF728C9A}.Ad-Hoc|x64.ActiveCfg = Debug|Any CPU
		{DE77AC91-883B-4538-82F1-2FC3DF728C9A}.Ad-Hoc|x64.Build.0 = Debug|Any CPU
		{DE77AC91-883B-4538-82F1-2FC3DF728C9A}.Ad-Hoc|x64.Deploy.0 = Debug|Any CPU
		{DE77AC91-883B-4538-82F1-2FC3DF728C9A}.Ad-Hoc|x86.ActiveCfg = Debug|Any CPU
		{DE77AC91-883B-4538-82F1-2FC3DF728C9A}.Ad-Hoc|x86.Build.0 = Debug|Any CPU
		{DE77AC91-883B-4538-82F1-2FC3DF728C9A}.Ad-Hoc|x86.Deploy.0 = Debug|Any CPU
		{DE77AC91-883B-4538-82F1-2FC3DF728C9A}.AppStore|Any CPU.ActiveCfg = Debug|Any CPU
		{DE77AC91-883B-4538-82F1-2FC3DF728C9A}.AppStore|Any CPU.Build.0 = Debug|Any CPU
		{DE77AC91-883B-4538-82F1-2FC3DF728C9A}.AppStore|Any CPU.Deploy.0 = Debug|Any CPU
		{DE77AC91-883B-4538-82F1-2FC3DF728C9A}.AppStore|ARM.ActiveCfg = Debug|Any CPU
		{DE77AC91-883B-4538-82F1-2FC3DF728C9A}.AppStore|ARM.Build.0 = Debug|Any CPU
		{DE77AC91-883B-4538-82F1-2FC3DF728C9A}.AppStore|ARM.Deploy.0 = Debug|Any CPU
		{DE77AC91-883B-4538-82F1-2FC3DF728C9A}.AppStore|iPhone.ActiveCfg = Debug|Any CPU
		{DE77AC91-883B-4538-82F1-2FC3DF728C9A}.AppStore|iPhone.Build.0 = Debug|Any CPU
		{DE77AC91-883B-4538-82F1-2FC3DF728C9A}.AppStore|iPhone.Deploy.0 = Debug|Any CPU
		{DE77AC91-883B-4538-82F1-2FC3DF728C9A}.AppStore|iPhoneSimulator.ActiveCfg = Debug|Any CPU
		{DE77AC91-883B-4538-82F1-2FC3DF728C9A}.AppStore|iPhoneSimulator.Build.0 = Debug|Any CPU
		{DE77AC91-883B-4538-82F1-2FC3DF728C9A}.AppStore|iPhoneSimulator.Deploy.0 = Debug|Any CPU
		{DE77AC91-883B-4538-82F1-2FC3DF728C9A}.AppStore|x64.ActiveCfg = Debug|Any CPU
		{DE77AC91-883B-4538-82F1-2FC3DF728C9A}.AppStore|x64.Build.0 = Debug|Any CPU
		{DE77AC91-883B-4538-82F1-2FC3DF728C9A}.AppStore|x64.Deploy.0 = Debug|Any CPU
		{DE77AC91-883B-4538-82F1-2FC3DF728C9A}.AppStore|x86.ActiveCfg = Debug|Any CPU
		{DE77AC91-883B-4538-82F1-2FC3DF728C9A}.AppStore|x86.Build.0 = Debug|Any CPU
		{DE77AC91-883B-4538-82F1-2FC3DF728C9A}.AppStore|x86.Deploy.0 = Debug|Any CPU
		{DE77AC91-883B-4538-82F1-2FC3DF728C9A}.Debug|Any CPU.ActiveCfg = Debug|Any CPU
		{DE77AC91-883B-4538-82F1-2FC3DF728C9A}.Debug|Any CPU.Build.0 = Debug|Any CPU
		{DE77AC91-883B-4538-82F1-2FC3DF728C9A}.Debug|Any CPU.Deploy.0 = Debug|Any CPU
		{DE77AC91-883B-4538-82F1-2FC3DF728C9A}.Debug|ARM.ActiveCfg = Debug|Any CPU
		{DE77AC91-883B-4538-82F1-2FC3DF728C9A}.Debug|ARM.Build.0 = Debug|Any CPU
		{DE77AC91-883B-4538-82F1-2FC3DF728C9A}.Debug|ARM.Deploy.0 = Debug|Any CPU
		{DE77AC91-883B-4538-82F1-2FC3DF728C9A}.Debug|iPhone.ActiveCfg = Debug|Any CPU
		{DE77AC91-883B-4538-82F1-2FC3DF728C9A}.Debug|iPhone.Build.0 = Debug|Any CPU
		{DE77AC91-883B-4538-82F1-2FC3DF728C9A}.Debug|iPhone.Deploy.0 = Debug|Any CPU
		{DE77AC91-883B-4538-82F1-2FC3DF728C9A}.Debug|iPhoneSimulator.ActiveCfg = Debug|Any CPU
		{DE77AC91-883B-4538-82F1-2FC3DF728C9A}.Debug|iPhoneSimulator.Build.0 = Debug|Any CPU
		{DE77AC91-883B-4538-82F1-2FC3DF728C9A}.Debug|iPhoneSimulator.Deploy.0 = Debug|Any CPU
		{DE77AC91-883B-4538-82F1-2FC3DF728C9A}.Debug|x64.ActiveCfg = Debug|Any CPU
		{DE77AC91-883B-4538-82F1-2FC3DF728C9A}.Debug|x64.Build.0 = Debug|Any CPU
		{DE77AC91-883B-4538-82F1-2FC3DF728C9A}.Debug|x64.Deploy.0 = Debug|Any CPU
		{DE77AC91-883B-4538-82F1-2FC3DF728C9A}.Debug|x86.ActiveCfg = Debug|Any CPU
		{DE77AC91-883B-4538-82F1-2FC3DF728C9A}.Debug|x86.Build.0 = Debug|Any CPU
		{DE77AC91-883B-4538-82F1-2FC3DF728C9A}.Debug|x86.Deploy.0 = Debug|Any CPU
		{DE77AC91-883B-4538-82F1-2FC3DF728C9A}.Release|Any CPU.ActiveCfg = Release|Any CPU
		{DE77AC91-883B-4538-82F1-2FC3DF728C9A}.Release|Any CPU.Build.0 = Release|Any CPU
		{DE77AC91-883B-4538-82F1-2FC3DF728C9A}.Release|Any CPU.Deploy.0 = Release|Any CPU
		{DE77AC91-883B-4538-82F1-2FC3DF728C9A}.Release|ARM.ActiveCfg = Release|Any CPU
		{DE77AC91-883B-4538-82F1-2FC3DF728C9A}.Release|ARM.Build.0 = Release|Any CPU
		{DE77AC91-883B-4538-82F1-2FC3DF728C9A}.Release|ARM.Deploy.0 = Release|Any CPU
		{DE77AC91-883B-4538-82F1-2FC3DF728C9A}.Release|iPhone.ActiveCfg = Release|Any CPU
		{DE77AC91-883B-4538-82F1-2FC3DF728C9A}.Release|iPhone.Build.0 = Release|Any CPU
		{DE77AC91-883B-4538-82F1-2FC3DF728C9A}.Release|iPhone.Deploy.0 = Release|Any CPU
		{DE77AC91-883B-4538-82F1-2FC3DF728C9A}.Release|iPhoneSimulator.ActiveCfg = Release|Any CPU
		{DE77AC91-883B-4538-82F1-2FC3DF728C9A}.Release|iPhoneSimulator.Build.0 = Release|Any CPU
		{DE77AC91-883B-4538-82F1-2FC3DF728C9A}.Release|iPhoneSimulator.Deploy.0 = Release|Any CPU
		{DE77AC91-883B-4538-82F1-2FC3DF728C9A}.Release|x64.ActiveCfg = Release|Any CPU
		{DE77AC91-883B-4538-82F1-2FC3DF728C9A}.Release|x64.Build.0 = Release|Any CPU
		{DE77AC91-883B-4538-82F1-2FC3DF728C9A}.Release|x64.Deploy.0 = Release|Any CPU
		{DE77AC91-883B-4538-82F1-2FC3DF728C9A}.Release|x86.ActiveCfg = Release|Any CPU
		{DE77AC91-883B-4538-82F1-2FC3DF728C9A}.Release|x86.Build.0 = Release|Any CPU
		{DE77AC91-883B-4538-82F1-2FC3DF728C9A}.Release|x86.Deploy.0 = Release|Any CPU
	EndGlobalSection
	GlobalSection(SolutionProperties) = preSolution
		HideSolutionNode = FALSE
	EndGlobalSection
	GlobalSection(ExtensibilityGlobals) = postSolution
		SolutionGuid = {444D0A95-B8FA-414E-8CED-E899AAB3B4F3}
	EndGlobalSection
EndGlobal
